Microsoft Visual Studio Solution File, Format Version 11.00
# Visual Studio 2008

Project("{0916B577-0CDD-F163-4C41-AB1FE9B35B3D}") = "AI - Pathfindalgorithm", "Assembly-CSharp.csproj", "{AECCBA34-8FEA-F267-CA76-DC06E2E3E6C0}"
EndProject
Global
	GlobalSection(SolutionConfigurationPlatforms) = preSolution
		Debug|Any CPU = Debug|Any CPU
		Release|Any CPU = Release|Any CPU
	EndGlobalSection
	GlobalSection(ProjectConfigurationPlatforms) = postSolution
		{AECCBA34-8FEA-F267-CA76-DC06E2E3E6C0}.Debug|Any CPU.ActiveCfg = Debug|Any CPU
		{AECCBA34-8FEA-F267-CA76-DC06E2E3E6C0}.Debug|Any CPU.Build.0 = Debug|Any CPU
		{AECCBA34-8FEA-F267-CA76-DC06E2E3E6C0}.Release|Any CPU.ActiveCfg = Release|Any CPU
		{AECCBA34-8FEA-F267-CA76-DC06E2E3E6C0}.Release|Any CPU.Build.0 = Release|Any CPU
	EndGlobalSection
	GlobalSection(SolutionProperties) = preSolution
		HideSolutionNode = FALSE
	EndGlobalSection
	GlobalSection(MonoDevelopProperties) = preSolution
		StartupItem = Assembly-CSharp.csproj
	EndGlobalSection
EndGlobal
