Microsoft Visual Studio Solution File, Format Version 11.00
# Visual Studio 2008

Project("{A18D0E50-5AFD-8FAD-A5A5-7BAF7A1727DC}") = "ai-search-algorithm", "Assembly-CSharp.csproj", "{64EE1FD5-BE60-6FEE-CA6A-15F6BA735BB2}"
EndProject
Global
	GlobalSection(SolutionConfigurationPlatforms) = preSolution
		Debug|Any CPU = Debug|Any CPU
		Release|Any CPU = Release|Any CPU
	EndGlobalSection
	GlobalSection(ProjectConfigurationPlatforms) = postSolution
		{64EE1FD5-BE60-6FEE-CA6A-15F6BA735BB2}.Debug|Any CPU.ActiveCfg = Debug|Any CPU
		{64EE1FD5-BE60-6FEE-CA6A-15F6BA735BB2}.Debug|Any CPU.Build.0 = Debug|Any CPU
		{64EE1FD5-BE60-6FEE-CA6A-15F6BA735BB2}.Release|Any CPU.ActiveCfg = Release|Any CPU
		{64EE1FD5-BE60-6FEE-CA6A-15F6BA735BB2}.Release|Any CPU.Build.0 = Release|Any CPU
	EndGlobalSection
	GlobalSection(SolutionProperties) = preSolution
		HideSolutionNode = FALSE
	EndGlobalSection
	GlobalSection(MonoDevelopProperties) = preSolution
		StartupItem = Assembly-CSharp.csproj
	EndGlobalSection
EndGlobal
